
Microsoft Visual Studio Solution File, Format Version 12.00
# Visual Studio Version 17
VisualStudioVersion = 17.13.35818.85 d17.13
MinimumVisualStudioVersion = 10.0.40219.1
Project("{FAE04EC0-301F-11D3-BF4B-00C04F79EFBC}") = "tpmodul8_103022330077", "tpmodul8_103022330077\tpmodul8_103022330077.csproj", "{BF8B617C-8D2F-4B7A-9779-F31AB136A4BC}"
EndProject
Global
	GlobalSection(SolutionConfigurationPlatforms) = preSolution
		Debug|Any CPU = Debug|Any CPU
		Release|Any CPU = Release|Any CPU
	EndGlobalSection
	GlobalSection(ProjectConfigurationPlatforms) = postSolution
		{BF8B617C-8D2F-4B7A-9779-F31AB136A4BC}.Debug|Any CPU.ActiveCfg = Debug|Any CPU
		{BF8B617C-8D2F-4B7A-9779-F31AB136A4BC}.Debug|Any CPU.Build.0 = Debug|Any CPU
		{BF8B617C-8D2F-4B7A-9779-F31AB136A4BC}.Release|Any CPU.ActiveCfg = Release|Any CPU
		{BF8B617C-8D2F-4B7A-9779-F31AB136A4BC}.Release|Any CPU.Build.0 = Release|Any CPU
	EndGlobalSection
	GlobalSection(SolutionProperties) = preSolution
		HideSolutionNode = FALSE
	EndGlobalSection
	GlobalSection(ExtensibilityGlobals) = postSolution
		SolutionGuid = {5AF5BA9A-AC12-4BA2-A5BB-B2827F597605}
	EndGlobalSection
EndGlobal
